
Microsoft Visual Studio Solution File, Format Version 12.00
# Visual Studio Version 17
VisualStudioVersion = 17.9.34622.214
MinimumVisualStudioVersion = 10.0.40219.1
Project("{FAE04EC0-301F-11D3-BF4B-00C04F79EFBC}") = "4M_33_sort1", "4M_33_sort1\4M_33_sort1.csproj", "{0539399A-4272-488C-B4DE-AE83E4342FC1}"
EndProject
Global
	GlobalSection(SolutionConfigurationPlatforms) = preSolution
		Debug|Any CPU = Debug|Any CPU
		Release|Any CPU = Release|Any CPU
	EndGlobalSection
	GlobalSection(ProjectConfigurationPlatforms) = postSolution
		{0539399A-4272-488C-B4DE-AE83E4342FC1}.Debug|Any CPU.ActiveCfg = Debug|Any CPU
		{0539399A-4272-488C-B4DE-AE83E4342FC1}.Debug|Any CPU.Build.0 = Debug|Any CPU
		{0539399A-4272-488C-B4DE-AE83E4342FC1}.Release|Any CPU.ActiveCfg = Release|Any CPU
		{0539399A-4272-488C-B4DE-AE83E4342FC1}.Release|Any CPU.Build.0 = Release|Any CPU
	EndGlobalSection
	GlobalSection(SolutionProperties) = preSolution
		HideSolutionNode = FALSE
	EndGlobalSection
	GlobalSection(ExtensibilityGlobals) = postSolution
		SolutionGuid = {F3E7F14E-1B6A-49E2-BD90-1455C2C7E102}
	EndGlobalSection
EndGlobal
